
Microsoft Visual Studio Solution File, Format Version 12.00
# Visual Studio Version 17
VisualStudioVersion = 17.0.32112.339
MinimumVisualStudioVersion = 10.0.40219.1
Project("{9A19103F-16F7-4668-BE54-9A1E7A4F7556}") = "MyFirstPlugin", "MyFirstPlugin.csproj", "{BE53706E-9574-4723-971F-10FC20E2CD70}"
EndProject
Project("{2150E333-8FDC-42A3-9474-1A3956D46DE8}") = "Solution Items", "Solution Items", "{4FA302D2-6C09-4098-9D7B-B9426C068D55}"
	ProjectSection(SolutionItems) = preProject
		readme.md = readme.md
	EndProjectSection
EndProject
Global
	GlobalSection(SolutionConfigurationPlatforms) = preSolution
		Debug|Any CPU = Debug|Any CPU
		Release|Any CPU = Release|Any CPU
	EndGlobalSection
	GlobalSection(ProjectConfigurationPlatforms) = postSolution
		{BE53706E-9574-4723-971F-10FC20E2CD70}.Debug|Any CPU.ActiveCfg = Debug|Any CPU
		{BE53706E-9574-4723-971F-10FC20E2CD70}.Debug|Any CPU.Build.0 = Debug|Any CPU
		{BE53706E-9574-4723-971F-10FC20E2CD70}.Release|Any CPU.ActiveCfg = Release|Any CPU
		{BE53706E-9574-4723-971F-10FC20E2CD70}.Release|Any CPU.Build.0 = Release|Any CPU
	EndGlobalSection
	GlobalSection(SolutionProperties) = preSolution
		HideSolutionNode = FALSE
	EndGlobalSection
	GlobalSection(ExtensibilityGlobals) = postSolution
		SolutionGuid = {E4C8926D-DDFE-4345-9D06-401DD6AB9D31}
	EndGlobalSection
EndGlobal
